// !$*UTF8*$!
{
	archiveVersion = 1;
	classes = {
	};
	objectVersion = 46;
	objects = {

/* Begin PBXBuildFile section */
		9E05785619C92D2A001CEA3F /* TopicMenuViewController.swift in Sources */ = {isa = PBXBuildFile; fileRef = 9E05785519C92D2A001CEA3F /* TopicMenuViewController.swift */; };
		9E95321A19C348A80009B9EA /* RootViewController.swift in Sources */ = {isa = PBXBuildFile; fileRef = 9E95321919C348A80009B9EA /* RootViewController.swift */; };
		9E9BF75619C37C9A001290D7 /* TessoApiManager.swift in Sources */ = {isa = PBXBuildFile; fileRef = 9E9FA0E619C36A6D00E209C3 /* TessoApiManager.swift */; };
		9E9FA0E719C36A6D00E209C3 /* TessoApiManager.swift in Sources */ = {isa = PBXBuildFile; fileRef = 9E9FA0E619C36A6D00E209C3 /* TessoApiManager.swift */; };
		9EB8ADCB19C3069F00CB92B2 /* AppDelegate.swift in Sources */ = {isa = PBXBuildFile; fileRef = 9EB8ADCA19C3069F00CB92B2 /* AppDelegate.swift */; };
		9EB8ADD219C3069F00CB92B2 /* Main.storyboard in Resources */ = {isa = PBXBuildFile; fileRef = 9EB8ADD019C3069F00CB92B2 /* Main.storyboard */; };
		9EB8ADD419C3069F00CB92B2 /* Images.xcassets in Resources */ = {isa = PBXBuildFile; fileRef = 9EB8ADD319C3069F00CB92B2 /* Images.xcassets */; };
		9EB8ADD719C3069F00CB92B2 /* LaunchScreen.xib in Resources */ = {isa = PBXBuildFile; fileRef = 9EB8ADD519C3069F00CB92B2 /* LaunchScreen.xib */; };
		9EB8ADE319C3069F00CB92B2 /* TesSoMeTests.swift in Sources */ = {isa = PBXBuildFile; fileRef = 9EB8ADE219C3069F00CB92B2 /* TesSoMeTests.swift */; };
		ABDAF7CC514440A3A2DE9A54 /* libPods-TesSoMe.a in Frameworks */ = {isa = PBXBuildFile; fileRef = 87FB010A8A064C8A83DA3922 /* libPods-TesSoMe.a */; };
		F97CC65721D5414AAB4EC912 /* libPods-TesSoMeTests.a in Frameworks */ = {isa = PBXBuildFile; fileRef = 630EA8FBBA01483BA749F9DB /* libPods-TesSoMeTests.a */; };
/* End PBXBuildFile section */

/* Begin PBXContainerItemProxy section */
		9EB8ADDD19C3069F00CB92B2 /* PBXContainerItemProxy */ = {
			isa = PBXContainerItemProxy;
			containerPortal = 9EB8ADBD19C3069F00CB92B2 /* Project object */;
			proxyType = 1;
			remoteGlobalIDString = 9EB8ADC419C3069F00CB92B2;
			remoteInfo = TesSoMe;
		};
/* End PBXContainerItemProxy section */

/* Begin PBXFileReference section */
		2602EE70751843DE87C52312 /* Pods-TesSoMeTests.xcconfig */ = {isa = PBXFileReference; includeInIndex = 1; lastKnownFileType = text.xcconfig; name = "Pods-TesSoMeTests.xcconfig"; path = "Pods/Pods-TesSoMeTests.xcconfig"; sourceTree = "<group>"; };
		630EA8FBBA01483BA749F9DB /* libPods-TesSoMeTests.a */ = {isa = PBXFileReference; explicitFileType = archive.ar; includeInIndex = 0; path = "libPods-TesSoMeTests.a"; sourceTree = BUILT_PRODUCTS_DIR; };
		87FB010A8A064C8A83DA3922 /* libPods-TesSoMe.a */ = {isa = PBXFileReference; explicitFileType = archive.ar; includeInIndex = 0; path = "libPods-TesSoMe.a"; sourceTree = BUILT_PRODUCTS_DIR; };
		9577CEC4AF7740BCB00D45CD /* Pods-TesSoMe.xcconfig */ = {isa = PBXFileReference; includeInIndex = 1; lastKnownFileType = text.xcconfig; name = "Pods-TesSoMe.xcconfig"; path = "Pods/Pods-TesSoMe.xcconfig"; sourceTree = "<group>"; };
		9E05785519C92D2A001CEA3F /* TopicMenuViewController.swift */ = {isa = PBXFileReference; fileEncoding = 4; lastKnownFileType = sourcecode.swift; path = TopicMenuViewController.swift; sourceTree = "<group>"; };
		9E95321919C348A80009B9EA /* RootViewController.swift */ = {isa = PBXFileReference; fileEncoding = 4; lastKnownFileType = sourcecode.swift; path = RootViewController.swift; sourceTree = "<group>"; };
		9E9BF75419C37C2C001290D7 /* Pods-ObjC-Bridging-Header.h */ = {isa = PBXFileReference; fileEncoding = 4; lastKnownFileType = sourcecode.c.h; path = "Pods-ObjC-Bridging-Header.h"; sourceTree = "<group>"; };
		9E9FA0E219C368C400E209C3 /* Pods-ObjC-Bridging-Header.h */ = {isa = PBXFileReference; fileEncoding = 4; lastKnownFileType = sourcecode.c.h; path = "Pods-ObjC-Bridging-Header.h"; sourceTree = "<group>"; };
		9E9FA0E619C36A6D00E209C3 /* TessoApiManager.swift */ = {isa = PBXFileReference; fileEncoding = 4; lastKnownFileType = sourcecode.swift; path = TessoApiManager.swift; sourceTree = "<group>"; };
		9EB8ADC519C3069F00CB92B2 /* TesSoMe.app */ = {isa = PBXFileReference; explicitFileType = wrapper.application; includeInIndex = 0; path = TesSoMe.app; sourceTree = BUILT_PRODUCTS_DIR; };
		9EB8ADC919C3069F00CB92B2 /* Info.plist */ = {isa = PBXFileReference; lastKnownFileType = text.plist.xml; path = Info.plist; sourceTree = "<group>"; };
		9EB8ADCA19C3069F00CB92B2 /* AppDelegate.swift */ = {isa = PBXFileReference; lastKnownFileType = sourcecode.swift; path = AppDelegate.swift; sourceTree = "<group>"; };
		9EB8ADD119C3069F00CB92B2 /* Base */ = {isa = PBXFileReference; lastKnownFileType = file.storyboard; name = Base; path = Base.lproj/Main.storyboard; sourceTree = "<group>"; };
		9EB8ADD319C3069F00CB92B2 /* Images.xcassets */ = {isa = PBXFileReference; lastKnownFileType = folder.assetcatalog; path = Images.xcassets; sourceTree = "<group>"; };
		9EB8ADD619C3069F00CB92B2 /* Base */ = {isa = PBXFileReference; lastKnownFileType = file.xib; name = Base; path = Base.lproj/LaunchScreen.xib; sourceTree = "<group>"; };
		9EB8ADDC19C3069F00CB92B2 /* TesSoMeTests.xctest */ = {isa = PBXFileReference; explicitFileType = wrapper.cfbundle; includeInIndex = 0; path = TesSoMeTests.xctest; sourceTree = BUILT_PRODUCTS_DIR; };
		9EB8ADE119C3069F00CB92B2 /* Info.plist */ = {isa = PBXFileReference; lastKnownFileType = text.plist.xml; path = Info.plist; sourceTree = "<group>"; };
		9EB8ADE219C3069F00CB92B2 /* TesSoMeTests.swift */ = {isa = PBXFileReference; lastKnownFileType = sourcecode.swift; path = TesSoMeTests.swift; sourceTree = "<group>"; };
/* End PBXFileReference section */

/* Begin PBXFrameworksBuildPhase section */
		9EB8ADC219C3069F00CB92B2 /* Frameworks */ = {
			isa = PBXFrameworksBuildPhase;
			buildActionMask = 2147483647;
			files = (
				ABDAF7CC514440A3A2DE9A54 /* libPods-TesSoMe.a in Frameworks */,
			);
			runOnlyForDeploymentPostprocessing = 0;
		};
		9EB8ADD919C3069F00CB92B2 /* Frameworks */ = {
			isa = PBXFrameworksBuildPhase;
			buildActionMask = 2147483647;
			files = (
				F97CC65721D5414AAB4EC912 /* libPods-TesSoMeTests.a in Frameworks */,
			);
			runOnlyForDeploymentPostprocessing = 0;
		};
/* End PBXFrameworksBuildPhase section */

/* Begin PBXGroup section */
		9EB8ADBC19C3069F00CB92B2 = {
			isa = PBXGroup;
			children = (
				9EB8ADC719C3069F00CB92B2 /* TesSoMe */,
				9EB8ADDF19C3069F00CB92B2 /* TesSoMeTests */,
				9EB8ADC619C3069F00CB92B2 /* Products */,
				9577CEC4AF7740BCB00D45CD /* Pods-TesSoMe.xcconfig */,
				F605EA1DCF5E4866977D1C84 /* Frameworks */,
				2602EE70751843DE87C52312 /* Pods-TesSoMeTests.xcconfig */,
			);
			sourceTree = "<group>";
			usesTabs = 1;
		};
		9EB8ADC619C3069F00CB92B2 /* Products */ = {
			isa = PBXGroup;
			children = (
				9EB8ADC519C3069F00CB92B2 /* TesSoMe.app */,
				9EB8ADDC19C3069F00CB92B2 /* TesSoMeTests.xctest */,
			);
			name = Products;
			sourceTree = "<group>";
		};
		9EB8ADC719C3069F00CB92B2 /* TesSoMe */ = {
			isa = PBXGroup;
			children = (
				9EB8ADCA19C3069F00CB92B2 /* AppDelegate.swift */,
				9E9FA0E219C368C400E209C3 /* Pods-ObjC-Bridging-Header.h */,
				9EB8ADD019C3069F00CB92B2 /* Main.storyboard */,
				9E9FA0E619C36A6D00E209C3 /* TessoApiManager.swift */,
				9E95321919C348A80009B9EA /* RootViewController.swift */,
				9E05785519C92D2A001CEA3F /* TopicMenuViewController.swift */,
				9EB8ADD319C3069F00CB92B2 /* Images.xcassets */,
				9EB8ADD519C3069F00CB92B2 /* LaunchScreen.xib */,
				9EB8ADC819C3069F00CB92B2 /* Supporting Files */,
			);
			path = TesSoMe;
			sourceTree = "<group>";
		};
		9EB8ADC819C3069F00CB92B2 /* Supporting Files */ = {
			isa = PBXGroup;
			children = (
				9EB8ADC919C3069F00CB92B2 /* Info.plist */,
			);
			name = "Supporting Files";
			sourceTree = "<group>";
		};
		9EB8ADDF19C3069F00CB92B2 /* TesSoMeTests */ = {
			isa = PBXGroup;
			children = (
				9EB8ADE219C3069F00CB92B2 /* TesSoMeTests.swift */,
				9E9BF75419C37C2C001290D7 /* Pods-ObjC-Bridging-Header.h */,
				9EB8ADE019C3069F00CB92B2 /* Supporting Files */,
			);
			path = TesSoMeTests;
			sourceTree = "<group>";
		};
		9EB8ADE019C3069F00CB92B2 /* Supporting Files */ = {
			isa = PBXGroup;
			children = (
				9EB8ADE119C3069F00CB92B2 /* Info.plist */,
			);
			name = "Supporting Files";
			sourceTree = "<group>";
		};
		F605EA1DCF5E4866977D1C84 /* Frameworks */ = {
			isa = PBXGroup;
			children = (
				87FB010A8A064C8A83DA3922 /* libPods-TesSoMe.a */,
				630EA8FBBA01483BA749F9DB /* libPods-TesSoMeTests.a */,
			);
			name = Frameworks;
			sourceTree = "<group>";
		};
/* End PBXGroup section */

/* Begin PBXNativeTarget section */
		9EB8ADC419C3069F00CB92B2 /* TesSoMe */ = {
			isa = PBXNativeTarget;
			buildConfigurationList = 9EB8ADE619C3069F00CB92B2 /* Build configuration list for PBXNativeTarget "TesSoMe" */;
			buildPhases = (
				5BC487C52E8D49A7A7E7D5C1 /* Check Pods Manifest.lock */,
				9EB8ADC119C3069F00CB92B2 /* Sources */,
				9EB8ADC219C3069F00CB92B2 /* Frameworks */,
				9EB8ADC319C3069F00CB92B2 /* Resources */,
				F1B489CC3DD04FC0A399DD3E /* Copy Pods Resources */,
			);
			buildRules = (
			);
			dependencies = (
			);
			name = TesSoMe;
			productName = TesSoMe;
			productReference = 9EB8ADC519C3069F00CB92B2 /* TesSoMe.app */;
			productType = "com.apple.product-type.application";
		};
		9EB8ADDB19C3069F00CB92B2 /* TesSoMeTests */ = {
			isa = PBXNativeTarget;
			buildConfigurationList = 9EB8ADE919C3069F00CB92B2 /* Build configuration list for PBXNativeTarget "TesSoMeTests" */;
			buildPhases = (
				03666CB8C9B4485CA7451A2E /* Check Pods Manifest.lock */,
				9EB8ADD819C3069F00CB92B2 /* Sources */,
				9EB8ADD919C3069F00CB92B2 /* Frameworks */,
				9EB8ADDA19C3069F00CB92B2 /* Resources */,
				A9481868A16841538AECAF9F /* Copy Pods Resources */,
			);
			buildRules = (
			);
			dependencies = (
				9EB8ADDE19C3069F00CB92B2 /* PBXTargetDependency */,
			);
			name = TesSoMeTests;
			productName = TesSoMeTests;
			productReference = 9EB8ADDC19C3069F00CB92B2 /* TesSoMeTests.xctest */;
			productType = "com.apple.product-type.bundle.unit-test";
		};
/* End PBXNativeTarget section */

/* Begin PBXProject section */
		9EB8ADBD19C3069F00CB92B2 /* Project object */ = {
			isa = PBXProject;
			attributes = {
				LastUpgradeCheck = 0600;
				ORGANIZATIONNAME = "Yuki Mizuno";
				TargetAttributes = {
					9EB8ADC419C3069F00CB92B2 = {
						CreatedOnToolsVersion = 6.0;
					};
					9EB8ADDB19C3069F00CB92B2 = {
						CreatedOnToolsVersion = 6.0;
						TestTargetID = 9EB8ADC419C3069F00CB92B2;
					};
				};
			};
			buildConfigurationList = 9EB8ADC019C3069F00CB92B2 /* Build configuration list for PBXProject "TesSoMe" */;
			compatibilityVersion = "Xcode 3.2";
			developmentRegion = English;
			hasScannedForEncodings = 0;
			knownRegions = (
				en,
				Base,
			);
			mainGroup = 9EB8ADBC19C3069F00CB92B2;
			productRefGroup = 9EB8ADC619C3069F00CB92B2 /* Products */;
			projectDirPath = "";
			projectRoot = "";
			targets = (
				9EB8ADC419C3069F00CB92B2 /* TesSoMe */,
				9EB8ADDB19C3069F00CB92B2 /* TesSoMeTests */,
			);
		};
/* End PBXProject section */

/* Begin PBXResourcesBuildPhase section */
		9EB8ADC319C3069F00CB92B2 /* Resources */ = {
			isa = PBXResourcesBuildPhase;
			buildActionMask = 2147483647;
			files = (
				9EB8ADD219C3069F00CB92B2 /* Main.storyboard in Resources */,
				9EB8ADD719C3069F00CB92B2 /* LaunchScreen.xib in Resources */,
				9EB8ADD419C3069F00CB92B2 /* Images.xcassets in Resources */,
			);
			runOnlyForDeploymentPostprocessing = 0;
		};
		9EB8ADDA19C3069F00CB92B2 /* Resources */ = {
			isa = PBXResourcesBuildPhase;
			buildActionMask = 2147483647;
			files = (
			);
			runOnlyForDeploymentPostprocessing = 0;
		};
/* End PBXResourcesBuildPhase section */

/* Begin PBXShellScriptBuildPhase section */
		03666CB8C9B4485CA7451A2E /* Check Pods Manifest.lock */ = {
			isa = PBXShellScriptBuildPhase;
			buildActionMask = 2147483647;
			files = (
			);
			inputPaths = (
			);
			name = "Check Pods Manifest.lock";
			outputPaths = (
			);
			runOnlyForDeploymentPostprocessing = 0;
			shellPath = /bin/sh;
			shellScript = "diff \"${PODS_ROOT}/../Podfile.lock\" \"${PODS_ROOT}/Manifest.lock\" > /dev/null\nif [[ $? != 0 ]] ; then\n    cat << EOM\nerror: The sandbox is not in sync with the Podfile.lock. Run 'pod install' or update your CocoaPods installation.\nEOM\n    exit 1\nfi\n";
			showEnvVarsInLog = 0;
		};
		5BC487C52E8D49A7A7E7D5C1 /* Check Pods Manifest.lock */ = {
			isa = PBXShellScriptBuildPhase;
			buildActionMask = 2147483647;
			files = (
			);
			inputPaths = (
			);
			name = "Check Pods Manifest.lock";
			outputPaths = (
			);
			runOnlyForDeploymentPostprocessing = 0;
			shellPath = /bin/sh;
			shellScript = "diff \"${PODS_ROOT}/../Podfile.lock\" \"${PODS_ROOT}/Manifest.lock\" > /dev/null\nif [[ $? != 0 ]] ; then\n    cat << EOM\nerror: The sandbox is not in sync with the Podfile.lock. Run 'pod install' or update your CocoaPods installation.\nEOM\n    exit 1\nfi\n";
			showEnvVarsInLog = 0;
		};
		A9481868A16841538AECAF9F /* Copy Pods Resources */ = {
			isa = PBXShellScriptBuildPhase;
			buildActionMask = 2147483647;
			files = (
			);
			inputPaths = (
			);
			name = "Copy Pods Resources";
			outputPaths = (
			);
			runOnlyForDeploymentPostprocessing = 0;
			shellPath = /bin/sh;
			shellScript = "\"${SRCROOT}/Pods/Pods-TesSoMeTests-resources.sh\"\n";
			showEnvVarsInLog = 0;
		};
		F1B489CC3DD04FC0A399DD3E /* Copy Pods Resources */ = {
			isa = PBXShellScriptBuildPhase;
			buildActionMask = 2147483647;
			files = (
			);
			inputPaths = (
			);
			name = "Copy Pods Resources";
			outputPaths = (
			);
			runOnlyForDeploymentPostprocessing = 0;
			shellPath = /bin/sh;
			shellScript = "\"${SRCROOT}/Pods/Pods-TesSoMe-resources.sh\"\n";
			showEnvVarsInLog = 0;
		};
/* End PBXShellScriptBuildPhase section */

/* Begin PBXSourcesBuildPhase section */
		9EB8ADC119C3069F00CB92B2 /* Sources */ = {
			isa = PBXSourcesBuildPhase;
			buildActionMask = 2147483647;
			files = (
				9E95321A19C348A80009B9EA /* RootViewController.swift in Sources */,
				9E9FA0E719C36A6D00E209C3 /* TessoApiManager.swift in Sources */,
				9EB8ADCB19C3069F00CB92B2 /* AppDelegate.swift in Sources */,
				9E05785619C92D2A001CEA3F /* TopicMenuViewController.swift in Sources */,
			);
			runOnlyForDeploymentPostprocessing = 0;
		};
		9EB8ADD819C3069F00CB92B2 /* Sources */ = {
			isa = PBXSourcesBuildPhase;
			buildActionMask = 2147483647;
			files = (
				9EB8ADE319C3069F00CB92B2 /* TesSoMeTests.swift in Sources */,
				9E9BF75619C37C9A001290D7 /* TessoApiManager.swift in Sources */,
			);
			runOnlyForDeploymentPostprocessing = 0;
		};
/* End PBXSourcesBuildPhase section */

/* Begin PBXTargetDependency section */
		9EB8ADDE19C3069F00CB92B2 /* PBXTargetDependency */ = {
			isa = PBXTargetDependency;
			target = 9EB8ADC419C3069F00CB92B2 /* TesSoMe */;
			targetProxy = 9EB8ADDD19C3069F00CB92B2 /* PBXContainerItemProxy */;
		};
/* End PBXTargetDependency section */

/* Begin PBXVariantGroup section */
		9EB8ADD019C3069F00CB92B2 /* Main.storyboard */ = {
			isa = PBXVariantGroup;
			children = (
				9EB8ADD119C3069F00CB92B2 /* Base */,
			);
			name = Main.storyboard;
			sourceTree = "<group>";
		};
		9EB8ADD519C3069F00CB92B2 /* LaunchScreen.xib */ = {
			isa = PBXVariantGroup;
			children = (
				9EB8ADD619C3069F00CB92B2 /* Base */,
			);
			name = LaunchScreen.xib;
			sourceTree = "<group>";
		};
/* End PBXVariantGroup section */

/* Begin XCBuildConfiguration section */
		9EB8ADE419C3069F00CB92B2 /* Debug */ = {
			isa = XCBuildConfiguration;
			buildSettings = {
				ALWAYS_SEARCH_USER_PATHS = NO;
				CLANG_CXX_LANGUAGE_STANDARD = "gnu++0x";
				CLANG_CXX_LIBRARY = "libc++";
				CLANG_ENABLE_MODULES = YES;
				CLANG_ENABLE_OBJC_ARC = YES;
				CLANG_WARN_BOOL_CONVERSION = YES;
				CLANG_WARN_CONSTANT_CONVERSION = YES;
				CLANG_WARN_DIRECT_OBJC_ISA_USAGE = YES_ERROR;
				CLANG_WARN_EMPTY_BODY = YES;
				CLANG_WARN_ENUM_CONVERSION = YES;
				CLANG_WARN_INT_CONVERSION = YES;
				CLANG_WARN_OBJC_ROOT_CLASS = YES_ERROR;
				CLANG_WARN_UNREACHABLE_CODE = YES;
				CLANG_WARN__DUPLICATE_METHOD_MATCH = YES;
				"CODE_SIGN_IDENTITY[sdk=iphoneos*]" = "iPhone Developer";
				COPY_PHASE_STRIP = NO;
				ENABLE_STRICT_OBJC_MSGSEND = YES;
				GCC_C_LANGUAGE_STANDARD = gnu99;
				GCC_DYNAMIC_NO_PIC = NO;
				GCC_OPTIMIZATION_LEVEL = 0;
				GCC_PREPROCESSOR_DEFINITIONS = (
					"DEBUG=1",
					"$(inherited)",
				);
				GCC_SYMBOLS_PRIVATE_EXTERN = NO;
				GCC_WARN_64_TO_32_BIT_CONVERSION = YES;
				GCC_WARN_ABOUT_RETURN_TYPE = YES_ERROR;
				GCC_WARN_UNDECLARED_SELECTOR = YES;
				GCC_WARN_UNINITIALIZED_AUTOS = YES_AGGRESSIVE;
				GCC_WARN_UNUSED_FUNCTION = YES;
				GCC_WARN_UNUSED_VARIABLE = YES;
				IPHONEOS_DEPLOYMENT_TARGET = 8.0;
				MTL_ENABLE_DEBUG_INFO = YES;
				ONLY_ACTIVE_ARCH = YES;
				SDKROOT = iphoneos;
				SWIFT_OPTIMIZATION_LEVEL = "-Onone";
			};
			name = Debug;
		};
		9EB8ADE519C3069F00CB92B2 /* Release */ = {
			isa = XCBuildConfiguration;
			buildSettings = {
				ALWAYS_SEARCH_USER_PATHS = NO;
				CLANG_CXX_LANGUAGE_STANDARD = "gnu++0x";
				CLANG_CXX_LIBRARY = "libc++";
				CLANG_ENABLE_MODULES = YES;
				CLANG_ENABLE_OBJC_ARC = YES;
				CLANG_WARN_BOOL_CONVERSION = YES;
				CLANG_WARN_CONSTANT_CONVERSION = YES;
				CLANG_WARN_DIRECT_OBJC_ISA_USAGE = YES_ERROR;
				CLANG_WARN_EMPTY_BODY = YES;
				CLANG_WARN_ENUM_CONVERSION = YES;
				CLANG_WARN_INT_CONVERSION = YES;
				CLANG_WARN_OBJC_ROOT_CLASS = YES_ERROR;
				CLANG_WARN_UNREACHABLE_CODE = YES;
				CLANG_WARN__DUPLICATE_METHOD_MATCH = YES;
				"CODE_SIGN_IDENTITY[sdk=iphoneos*]" = "iPhone Developer";
				COPY_PHASE_STRIP = YES;
				ENABLE_NS_ASSERTIONS = NO;
				ENABLE_STRICT_OBJC_MSGSEND = YES;
				GCC_C_LANGUAGE_STANDARD = gnu99;
				GCC_WARN_64_TO_32_BIT_CONVERSION = YES;
				GCC_WARN_ABOUT_RETURN_TYPE = YES_ERROR;
				GCC_WARN_UNDECLARED_SELECTOR = YES;
				GCC_WARN_UNINITIALIZED_AUTOS = YES_AGGRESSIVE;
				GCC_WARN_UNUSED_FUNCTION = YES;
				GCC_WARN_UNUSED_VARIABLE = YES;
				IPHONEOS_DEPLOYMENT_TARGET = 8.0;
				MTL_ENABLE_DEBUG_INFO = NO;
				SDKROOT = iphoneos;
				VALIDATE_PRODUCT = YES;
			};
			name = Release;
		};
		9EB8ADE719C3069F00CB92B2 /* Debug */ = {
			isa = XCBuildConfiguration;
			baseConfigurationReference = 9577CEC4AF7740BCB00D45CD /* Pods-TesSoMe.xcconfig */;
			buildSettings = {
				ASSETCATALOG_COMPILER_APPICON_NAME = AppIcon;
				INFOPLIST_FILE = TesSoMe/Info.plist;
				LD_RUNPATH_SEARCH_PATHS = "$(inherited) @executable_path/Frameworks";
				PRODUCT_NAME = "$(TARGET_NAME)";
				SWIFT_OBJC_BRIDGING_HEADER = "${SRCROOT}/TesSoMe/Pods-ObjC-Bridging-Header.h";
			};
			name = Debug;
		};
		9EB8ADE819C3069F00CB92B2 /* Release */ = {
			isa = XCBuildConfiguration;
			baseConfigurationReference = 9577CEC4AF7740BCB00D45CD /* Pods-TesSoMe.xcconfig */;
			buildSettings = {
				ASSETCATALOG_COMPILER_APPICON_NAME = AppIcon;
				INFOPLIST_FILE = TesSoMe/Info.plist;
				LD_RUNPATH_SEARCH_PATHS = "$(inherited) @executable_path/Frameworks";
				PRODUCT_NAME = "$(TARGET_NAME)";
				SWIFT_OBJC_BRIDGING_HEADER = "${SRCROOT}/TesSoMe/Pods-ObjC-Bridging-Header.h";
			};
			name = Release;
		};
		9EB8ADEA19C3069F00CB92B2 /* Debug */ = {
			isa = XCBuildConfiguration;
			baseConfigurationReference = 2602EE70751843DE87C52312 /* Pods-TesSoMeTests.xcconfig */;
			buildSettings = {
				BUNDLE_LOADER = "$(TEST_HOST)";
				FRAMEWORK_SEARCH_PATHS = (
					"$(SDKROOT)/Developer/Library/Frameworks",
					"$(inherited)",
				);
				GCC_PREPROCESSOR_DEFINITIONS = (
					"DEBUG=1",
					"$(inherited)",
				);
				INFOPLIST_FILE = TesSoMeTests/Info.plist;
				LD_RUNPATH_SEARCH_PATHS = "$(inherited) @executable_path/Frameworks @loader_path/Frameworks";
				PRODUCT_NAME = "$(TARGET_NAME)";
				SWIFT_OBJC_BRIDGING_HEADER = "${SRCROOT}/TesSoMeTests/Pods-ObjC-Bridging-Header.h";
				TEST_HOST = "$(BUILT_PRODUCTS_DIR)/TesSoMe.app/TesSoMe";
			};
			name = Debug;
		};
		9EB8ADEB19C3069F00CB92B2 /* Release */ = {
			isa = XCBuildConfiguration;
			baseConfigurationReference = 2602EE70751843DE87C52312 /* Pods-TesSoMeTests.xcconfig */;
			buildSettings = {
				BUNDLE_LOADER = "$(TEST_HOST)";
				FRAMEWORK_SEARCH_PATHS = (
					"$(SDKROOT)/Developer/Library/Frameworks",
					"$(inherited)",
				);
				INFOPLIST_FILE = TesSoMeTests/Info.plist;
				LD_RUNPATH_SEARCH_PATHS = "$(inherited) @executable_path/Frameworks @loader_path/Frameworks";
				PRODUCT_NAME = "$(TARGET_NAME)";
				SWIFT_OBJC_BRIDGING_HEADER = "${SRCROOT}/TesSoMeTests/Pods-ObjC-Bridging-Header.h";
				TEST_HOST = "$(BUILT_PRODUCTS_DIR)/TesSoMe.app/TesSoMe";
			};
			name = Release;
		};
/* End XCBuildConfiguration section */

/* Begin XCConfigurationList section */
		9EB8ADC019C3069F00CB92B2 /* Build configuration list for PBXProject "TesSoMe" */ = {
			isa = XCConfigurationList;
			buildConfigurations = (
				9EB8ADE419C3069F00CB92B2 /* Debug */,
				9EB8ADE519C3069F00CB92B2 /* Release */,
			);
			defaultConfigurationIsVisible = 0;
			defaultConfigurationName = Release;
		};
		9EB8ADE619C3069F00CB92B2 /* Build configuration list for PBXNativeTarget "TesSoMe" */ = {
			isa = XCConfigurationList;
			buildConfigurations = (
				9EB8ADE719C3069F00CB92B2 /* Debug */,
				9EB8ADE819C3069F00CB92B2 /* Release */,
			);
			defaultConfigurationIsVisible = 0;
			defaultConfigurationName = Release;
		};
		9EB8ADE919C3069F00CB92B2 /* Build configuration list for PBXNativeTarget "TesSoMeTests" */ = {
			isa = XCConfigurationList;
			buildConfigurations = (
				9EB8ADEA19C3069F00CB92B2 /* Debug */,
				9EB8ADEB19C3069F00CB92B2 /* Release */,
			);
			defaultConfigurationIsVisible = 0;
			defaultConfigurationName = Release;
		};
/* End XCConfigurationList section */
	};
	rootObject = 9EB8ADBD19C3069F00CB92B2 /* Project object */;
}
